// !$*UTF8*$!
{
	archiveVersion = 1;
	classes = {
	};
	objectVersion = 46;
	objects = {

/* Begin PBXBuildFile section */
		9B75DFC61EDF91D200F11AD6 /* DetourViewController.swift in Sources */ = {isa = PBXBuildFile; fileRef = 9B75DFC51EDF91D200F11AD6 /* DetourViewController.swift */; };
		9B75E54A1EE1405200F11AD6 /* ReallyBasicTests.swift in Sources */ = {isa = PBXBuildFile; fileRef = 9B75E5491EE1405200F11AD6 /* ReallyBasicTests.swift */; };
		9B75E5581EE144CA00F11AD6 /* LoginUITests.swift in Sources */ = {isa = PBXBuildFile; fileRef = 9B75E5571EE144CA00F11AD6 /* LoginUITests.swift */; };
		9BE413FB1EBE1FA500ACBC40 /* AppDelegate.swift in Sources */ = {isa = PBXBuildFile; fileRef = 9BE413FA1EBE1FA500ACBC40 /* AppDelegate.swift */; };
		9BE413FE1EBE1FA500ACBC40 /* Detour.xcdatamodeld in Sources */ = {isa = PBXBuildFile; fileRef = 9BE413FC1EBE1FA500ACBC40 /* Detour.xcdatamodeld */; };
		9BE414001EBE1FA500ACBC40 /* MasterViewController.swift in Sources */ = {isa = PBXBuildFile; fileRef = 9BE413FF1EBE1FA500ACBC40 /* MasterViewController.swift */; };
		9BE414021EBE1FA500ACBC40 /* DetailViewController.swift in Sources */ = {isa = PBXBuildFile; fileRef = 9BE414011EBE1FA500ACBC40 /* DetailViewController.swift */; };
		9BE414051EBE1FA500ACBC40 /* Main.storyboard in Resources */ = {isa = PBXBuildFile; fileRef = 9BE414031EBE1FA500ACBC40 /* Main.storyboard */; };
		9BE414071EBE1FA500ACBC40 /* Assets.xcassets in Resources */ = {isa = PBXBuildFile; fileRef = 9BE414061EBE1FA500ACBC40 /* Assets.xcassets */; };
		9BE4140A1EBE1FA500ACBC40 /* LaunchScreen.storyboard in Resources */ = {isa = PBXBuildFile; fileRef = 9BE414081EBE1FA500ACBC40 /* LaunchScreen.storyboard */; };
		9BE414121EBE411200ACBC40 /* LoginViewController.swift in Sources */ = {isa = PBXBuildFile; fileRef = 9BE414111EBE411200ACBC40 /* LoginViewController.swift */; };
		9BE414141EBE411F00ACBC40 /* RegisterViewController.swift in Sources */ = {isa = PBXBuildFile; fileRef = 9BE414131EBE411F00ACBC40 /* RegisterViewController.swift */; };
		9BE414161EBE49E400ACBC40 /* LoginRegister.storyboard in Resources */ = {isa = PBXBuildFile; fileRef = 9BE414151EBE49E400ACBC40 /* LoginRegister.storyboard */; };
		9BE415F51EBE552900ACBC40 /* DestinationViewController.swift in Sources */ = {isa = PBXBuildFile; fileRef = 9BE415F41EBE552900ACBC40 /* DestinationViewController.swift */; };
		9BE415F91EBE5F6E00ACBC40 /* TaskViewController.swift in Sources */ = {isa = PBXBuildFile; fileRef = 9BE415F81EBE5F6E00ACBC40 /* TaskViewController.swift */; };
/* End PBXBuildFile section */

/* Begin PBXContainerItemProxy section */
		9B75E54C1EE1405200F11AD6 /* PBXContainerItemProxy */ = {
			isa = PBXContainerItemProxy;
			containerPortal = 9BE413EF1EBE1FA500ACBC40 /* Project object */;
			proxyType = 1;
			remoteGlobalIDString = 9BE413F61EBE1FA500ACBC40;
			remoteInfo = Detour;
		};
		9B75E55A1EE144CA00F11AD6 /* PBXContainerItemProxy */ = {
			isa = PBXContainerItemProxy;
			containerPortal = 9BE413EF1EBE1FA500ACBC40 /* Project object */;
			proxyType = 1;
			remoteGlobalIDString = 9BE413F61EBE1FA500ACBC40;
			remoteInfo = Detour;
		};
/* End PBXContainerItemProxy section */

/* Begin PBXFileReference section */
		9B75DFC51EDF91D200F11AD6 /* DetourViewController.swift */ = {isa = PBXFileReference; fileEncoding = 4; lastKnownFileType = sourcecode.swift; path = DetourViewController.swift; sourceTree = "<group>"; };
		9B75E5471EE1405200F11AD6 /* DetourTests.xctest */ = {isa = PBXFileReference; explicitFileType = wrapper.cfbundle; includeInIndex = 0; path = DetourTests.xctest; sourceTree = BUILT_PRODUCTS_DIR; };
		9B75E5491EE1405200F11AD6 /* ReallyBasicTests.swift */ = {isa = PBXFileReference; lastKnownFileType = sourcecode.swift; path = ReallyBasicTests.swift; sourceTree = "<group>"; };
		9B75E54B1EE1405200F11AD6 /* Info.plist */ = {isa = PBXFileReference; lastKnownFileType = text.plist.xml; path = Info.plist; sourceTree = "<group>"; };
		9B75E5551EE144CA00F11AD6 /* DetourXCUITests.xctest */ = {isa = PBXFileReference; explicitFileType = wrapper.cfbundle; includeInIndex = 0; path = DetourXCUITests.xctest; sourceTree = BUILT_PRODUCTS_DIR; };
		9B75E5571EE144CA00F11AD6 /* LoginUITests.swift */ = {isa = PBXFileReference; lastKnownFileType = sourcecode.swift; path = LoginUITests.swift; sourceTree = "<group>"; };
		9B75E5591EE144CA00F11AD6 /* Info.plist */ = {isa = PBXFileReference; lastKnownFileType = text.plist.xml; path = Info.plist; sourceTree = "<group>"; };
		9BE413F71EBE1FA500ACBC40 /* Detour.app */ = {isa = PBXFileReference; explicitFileType = wrapper.application; includeInIndex = 0; path = Detour.app; sourceTree = BUILT_PRODUCTS_DIR; };
		9BE413FA1EBE1FA500ACBC40 /* AppDelegate.swift */ = {isa = PBXFileReference; lastKnownFileType = sourcecode.swift; path = AppDelegate.swift; sourceTree = "<group>"; };
		9BE413FD1EBE1FA500ACBC40 /* Detour.xcdatamodel */ = {isa = PBXFileReference; lastKnownFileType = wrapper.xcdatamodel; path = Detour.xcdatamodel; sourceTree = "<group>"; };
		9BE413FF1EBE1FA500ACBC40 /* MasterViewController.swift */ = {isa = PBXFileReference; lastKnownFileType = sourcecode.swift; path = MasterViewController.swift; sourceTree = "<group>"; };
		9BE414011EBE1FA500ACBC40 /* DetailViewController.swift */ = {isa = PBXFileReference; lastKnownFileType = sourcecode.swift; path = DetailViewController.swift; sourceTree = "<group>"; };
		9BE414041EBE1FA500ACBC40 /* Base */ = {isa = PBXFileReference; lastKnownFileType = file.storyboard; name = Base; path = Base.lproj/Main.storyboard; sourceTree = "<group>"; };
		9BE414061EBE1FA500ACBC40 /* Assets.xcassets */ = {isa = PBXFileReference; lastKnownFileType = folder.assetcatalog; path = Assets.xcassets; sourceTree = "<group>"; };
		9BE414091EBE1FA500ACBC40 /* Base */ = {isa = PBXFileReference; lastKnownFileType = file.storyboard; name = Base; path = Base.lproj/LaunchScreen.storyboard; sourceTree = "<group>"; };
		9BE4140B1EBE1FA500ACBC40 /* Info.plist */ = {isa = PBXFileReference; lastKnownFileType = text.plist.xml; path = Info.plist; sourceTree = "<group>"; };
		9BE414111EBE411200ACBC40 /* LoginViewController.swift */ = {isa = PBXFileReference; fileEncoding = 4; lastKnownFileType = sourcecode.swift; path = LoginViewController.swift; sourceTree = "<group>"; };
		9BE414131EBE411F00ACBC40 /* RegisterViewController.swift */ = {isa = PBXFileReference; fileEncoding = 4; lastKnownFileType = sourcecode.swift; path = RegisterViewController.swift; sourceTree = "<group>"; };
		9BE414151EBE49E400ACBC40 /* LoginRegister.storyboard */ = {isa = PBXFileReference; fileEncoding = 4; lastKnownFileType = file.storyboard; path = LoginRegister.storyboard; sourceTree = "<group>"; };
		9BE415F41EBE552900ACBC40 /* DestinationViewController.swift */ = {isa = PBXFileReference; fileEncoding = 4; lastKnownFileType = sourcecode.swift; path = DestinationViewController.swift; sourceTree = "<group>"; };
		9BE415F81EBE5F6E00ACBC40 /* TaskViewController.swift */ = {isa = PBXFileReference; fileEncoding = 4; lastKnownFileType = sourcecode.swift; path = TaskViewController.swift; sourceTree = "<group>"; };
/* End PBXFileReference section */

/* Begin PBXFrameworksBuildPhase section */
		9B75E5441EE1405200F11AD6 /* Frameworks */ = {
			isa = PBXFrameworksBuildPhase;
			buildActionMask = 2147483647;
			files = (
			);
			runOnlyForDeploymentPostprocessing = 0;
		};
		9B75E5521EE144CA00F11AD6 /* Frameworks */ = {
			isa = PBXFrameworksBuildPhase;
			buildActionMask = 2147483647;
			files = (
			);
			runOnlyForDeploymentPostprocessing = 0;
		};
		9BE413F41EBE1FA500ACBC40 /* Frameworks */ = {
			isa = PBXFrameworksBuildPhase;
			buildActionMask = 2147483647;
			files = (
			);
			runOnlyForDeploymentPostprocessing = 0;
		};
/* End PBXFrameworksBuildPhase section */

/* Begin PBXGroup section */
		9B75E5481EE1405200F11AD6 /* DetourTests */ = {
			isa = PBXGroup;
			children = (
				9B75E5491EE1405200F11AD6 /* ReallyBasicTests.swift */,
				9B75E54B1EE1405200F11AD6 /* Info.plist */,
			);
			path = DetourTests;
			sourceTree = "<group>";
		};
		9B75E5561EE144CA00F11AD6 /* DetourXCUITests */ = {
			isa = PBXGroup;
			children = (
				9B75E5571EE144CA00F11AD6 /* LoginUITests.swift */,
				9B75E5591EE144CA00F11AD6 /* Info.plist */,
			);
			path = DetourXCUITests;
			sourceTree = "<group>";
		};
		9BE413EE1EBE1FA500ACBC40 = {
			isa = PBXGroup;
			children = (
				9BE413F91EBE1FA500ACBC40 /* Detour */,
				9B75E5481EE1405200F11AD6 /* DetourTests */,
				9B75E5561EE144CA00F11AD6 /* DetourXCUITests */,
				9BE413F81EBE1FA500ACBC40 /* Products */,
			);
			sourceTree = "<group>";
		};
		9BE413F81EBE1FA500ACBC40 /* Products */ = {
			isa = PBXGroup;
			children = (
				9BE413F71EBE1FA500ACBC40 /* Detour.app */,
				9B75E5471EE1405200F11AD6 /* DetourTests.xctest */,
				9B75E5551EE144CA00F11AD6 /* DetourXCUITests.xctest */,
			);
			name = Products;
			sourceTree = "<group>";
		};
		9BE413F91EBE1FA500ACBC40 /* Detour */ = {
			isa = PBXGroup;
			children = (
				9BE413FA1EBE1FA500ACBC40 /* AppDelegate.swift */,
				9BE413FF1EBE1FA500ACBC40 /* MasterViewController.swift */,
				9BE414011EBE1FA500ACBC40 /* DetailViewController.swift */,
				9BE414111EBE411200ACBC40 /* LoginViewController.swift */,
				9BE414131EBE411F00ACBC40 /* RegisterViewController.swift */,
				9BE415F41EBE552900ACBC40 /* DestinationViewController.swift */,
				9B75DFC51EDF91D200F11AD6 /* DetourViewController.swift */,
				9BE415F81EBE5F6E00ACBC40 /* TaskViewController.swift */,
				9BE414031EBE1FA500ACBC40 /* Main.storyboard */,
				9BE414151EBE49E400ACBC40 /* LoginRegister.storyboard */,
				9BE414061EBE1FA500ACBC40 /* Assets.xcassets */,
				9BE414081EBE1FA500ACBC40 /* LaunchScreen.storyboard */,
				9BE4140B1EBE1FA500ACBC40 /* Info.plist */,
				9BE413FC1EBE1FA500ACBC40 /* Detour.xcdatamodeld */,
			);
			path = Detour;
			sourceTree = "<group>";
		};
/* End PBXGroup section */

/* Begin PBXNativeTarget section */
		9B75E5461EE1405200F11AD6 /* DetourTests */ = {
			isa = PBXNativeTarget;
			buildConfigurationList = 9B75E54E1EE1405300F11AD6 /* Build configuration list for PBXNativeTarget "DetourTests" */;
			buildPhases = (
				9B75E5431EE1405200F11AD6 /* Sources */,
				9B75E5441EE1405200F11AD6 /* Frameworks */,
				9B75E5451EE1405200F11AD6 /* Resources */,
			);
			buildRules = (
			);
			dependencies = (
				9B75E54D1EE1405200F11AD6 /* PBXTargetDependency */,
			);
			name = DetourTests;
			productName = DetourTests;
			productReference = 9B75E5471EE1405200F11AD6 /* DetourTests.xctest */;
			productType = "com.apple.product-type.bundle.unit-test";
		};
		9B75E5541EE144CA00F11AD6 /* DetourXCUITests */ = {
			isa = PBXNativeTarget;
			buildConfigurationList = 9B75E55C1EE144CA00F11AD6 /* Build configuration list for PBXNativeTarget "DetourXCUITests" */;
			buildPhases = (
				9B75E5511EE144CA00F11AD6 /* Sources */,
				9B75E5521EE144CA00F11AD6 /* Frameworks */,
				9B75E5531EE144CA00F11AD6 /* Resources */,
			);
			buildRules = (
			);
			dependencies = (
				9B75E55B1EE144CA00F11AD6 /* PBXTargetDependency */,
			);
			name = DetourXCUITests;
			productName = DetourXCUITests;
			productReference = 9B75E5551EE144CA00F11AD6 /* DetourXCUITests.xctest */;
			productType = "com.apple.product-type.bundle.ui-testing";
		};
		9BE413F61EBE1FA500ACBC40 /* Detour */ = {
			isa = PBXNativeTarget;
			buildConfigurationList = 9BE4140E1EBE1FA500ACBC40 /* Build configuration list for PBXNativeTarget "Detour" */;
			buildPhases = (
				9BE413F31EBE1FA500ACBC40 /* Sources */,
				9BE413F41EBE1FA500ACBC40 /* Frameworks */,
				9BE413F51EBE1FA500ACBC40 /* Resources */,
			);
			buildRules = (
			);
			dependencies = (
			);
			name = Detour;
			productName = Detour;
			productReference = 9BE413F71EBE1FA500ACBC40 /* Detour.app */;
			productType = "com.apple.product-type.application";
		};
/* End PBXNativeTarget section */

/* Begin PBXProject section */
		9BE413EF1EBE1FA500ACBC40 /* Project object */ = {
			isa = PBXProject;
			attributes = {
				LastSwiftUpdateCheck = 0830;
				LastUpgradeCheck = 0910;
				ORGANIZATIONNAME = "Designated Nerd Software";
				TargetAttributes = {
					9B75E5461EE1405200F11AD6 = {
						CreatedOnToolsVersion = 8.3.2;
						LastSwiftMigration = 0910;
						ProvisioningStyle = Automatic;
						TestTargetID = 9BE413F61EBE1FA500ACBC40;
					};
					9B75E5541EE144CA00F11AD6 = {
						CreatedOnToolsVersion = 8.3.2;
						LastSwiftMigration = 0910;
						ProvisioningStyle = Automatic;
						TestTargetID = 9BE413F61EBE1FA500ACBC40;
					};
					9BE413F61EBE1FA500ACBC40 = {
						CreatedOnToolsVersion = 8.3.2;
						LastSwiftMigration = 0910;
						ProvisioningStyle = Automatic;
					};
				};
			};
			buildConfigurationList = 9BE413F21EBE1FA500ACBC40 /* Build configuration list for PBXProject "Detour" */;
			compatibilityVersion = "Xcode 3.2";
			developmentRegion = English;
			hasScannedForEncodings = 0;
			knownRegions = (
				en,
				Base,
			);
			mainGroup = 9BE413EE1EBE1FA500ACBC40;
			productRefGroup = 9BE413F81EBE1FA500ACBC40 /* Products */;
			projectDirPath = "";
			projectRoot = "";
			targets = (
				9BE413F61EBE1FA500ACBC40 /* Detour */,
				9B75E5461EE1405200F11AD6 /* DetourTests */,
				9B75E5541EE144CA00F11AD6 /* DetourXCUITests */,
			);
		};
/* End PBXProject section */

/* Begin PBXResourcesBuildPhase section */
		9B75E5451EE1405200F11AD6 /* Resources */ = {
			isa = PBXResourcesBuildPhase;
			buildActionMask = 2147483647;
			files = (
			);
			runOnlyForDeploymentPostprocessing = 0;
		};
		9B75E5531EE144CA00F11AD6 /* Resources */ = {
			isa = PBXResourcesBuildPhase;
			buildActionMask = 2147483647;
			files = (
			);
			runOnlyForDeploymentPostprocessing = 0;
		};
		9BE413F51EBE1FA500ACBC40 /* Resources */ = {
			isa = PBXResourcesBuildPhase;
			buildActionMask = 2147483647;
			files = (
				9BE4140A1EBE1FA500ACBC40 /* LaunchScreen.storyboard in Resources */,
				9BE414161EBE49E400ACBC40 /* LoginRegister.storyboard in Resources */,
				9BE414071EBE1FA500ACBC40 /* Assets.xcassets in Resources */,
				9BE414051EBE1FA500ACBC40 /* Main.storyboard in Resources */,
			);
			runOnlyForDeploymentPostprocessing = 0;
		};
/* End PBXResourcesBuildPhase section */

/* Begin PBXSourcesBuildPhase section */
		9B75E5431EE1405200F11AD6 /* Sources */ = {
			isa = PBXSourcesBuildPhase;
			buildActionMask = 2147483647;
			files = (
				9B75E54A1EE1405200F11AD6 /* ReallyBasicTests.swift in Sources */,
			);
			runOnlyForDeploymentPostprocessing = 0;
		};
		9B75E5511EE144CA00F11AD6 /* Sources */ = {
			isa = PBXSourcesBuildPhase;
			buildActionMask = 2147483647;
			files = (
				9B75E5581EE144CA00F11AD6 /* LoginUITests.swift in Sources */,
			);
			runOnlyForDeploymentPostprocessing = 0;
		};
		9BE413F31EBE1FA500ACBC40 /* Sources */ = {
			isa = PBXSourcesBuildPhase;
			buildActionMask = 2147483647;
			files = (
				9B75DFC61EDF91D200F11AD6 /* DetourViewController.swift in Sources */,
				9BE415F51EBE552900ACBC40 /* DestinationViewController.swift in Sources */,
				9BE413FE1EBE1FA500ACBC40 /* Detour.xcdatamodeld in Sources */,
				9BE413FB1EBE1FA500ACBC40 /* AppDelegate.swift in Sources */,
				9BE414001EBE1FA500ACBC40 /* MasterViewController.swift in Sources */,
				9BE414141EBE411F00ACBC40 /* RegisterViewController.swift in Sources */,
				9BE415F91EBE5F6E00ACBC40 /* TaskViewController.swift in Sources */,
				9BE414121EBE411200ACBC40 /* LoginViewController.swift in Sources */,
				9BE414021EBE1FA500ACBC40 /* DetailViewController.swift in Sources */,
			);
			runOnlyForDeploymentPostprocessing = 0;
		};
/* End PBXSourcesBuildPhase section */

/* Begin PBXTargetDependency section */
		9B75E54D1EE1405200F11AD6 /* PBXTargetDependency */ = {
			isa = PBXTargetDependency;
			target = 9BE413F61EBE1FA500ACBC40 /* Detour */;
			targetProxy = 9B75E54C1EE1405200F11AD6 /* PBXContainerItemProxy */;
		};
		9B75E55B1EE144CA00F11AD6 /* PBXTargetDependency */ = {
			isa = PBXTargetDependency;
			target = 9BE413F61EBE1FA500ACBC40 /* Detour */;
			targetProxy = 9B75E55A1EE144CA00F11AD6 /* PBXContainerItemProxy */;
		};
/* End PBXTargetDependency section */

/* Begin PBXVariantGroup section */
		9BE414031EBE1FA500ACBC40 /* Main.storyboard */ = {
			isa = PBXVariantGroup;
			children = (
				9BE414041EBE1FA500ACBC40 /* Base */,
			);
			name = Main.storyboard;
			sourceTree = "<group>";
		};
		9BE414081EBE1FA500ACBC40 /* LaunchScreen.storyboard */ = {
			isa = PBXVariantGroup;
			children = (
				9BE414091EBE1FA500ACBC40 /* Base */,
			);
			name = LaunchScreen.storyboard;
			sourceTree = "<group>";
		};
/* End PBXVariantGroup section */

/* Begin XCBuildConfiguration section */
		9B75E54F1EE1405300F11AD6 /* Debug */ = {
			isa = XCBuildConfiguration;
			buildSettings = {
				BUNDLE_LOADER = "$(TEST_HOST)";
				INFOPLIST_FILE = DetourTests/Info.plist;
				LD_RUNPATH_SEARCH_PATHS = "$(inherited) @executable_path/Frameworks @loader_path/Frameworks";
				PRODUCT_BUNDLE_IDENTIFIER = com.designatednerd.DetourTests;
				PRODUCT_NAME = "$(TARGET_NAME)";
				SWIFT_SWIFT3_OBJC_INFERENCE = Off;
				SWIFT_VERSION = 4.0;
				TEST_HOST = "$(BUILT_PRODUCTS_DIR)/Detour.app/Detour";
			};
			name = Debug;
		};
		9B75E5501EE1405300F11AD6 /* Release */ = {
			isa = XCBuildConfiguration;
			buildSettings = {
				BUNDLE_LOADER = "$(TEST_HOST)";
				INFOPLIST_FILE = DetourTests/Info.plist;
				LD_RUNPATH_SEARCH_PATHS = "$(inherited) @executable_path/Frameworks @loader_path/Frameworks";
				PRODUCT_BUNDLE_IDENTIFIER = com.designatednerd.DetourTests;
				PRODUCT_NAME = "$(TARGET_NAME)";
				SWIFT_SWIFT3_OBJC_INFERENCE = Off;
				SWIFT_VERSION = 4.0;
				TEST_HOST = "$(BUILT_PRODUCTS_DIR)/Detour.app/Detour";
			};
			name = Release;
		};
		9B75E55D1EE144CA00F11AD6 /* Debug */ = {
			isa = XCBuildConfiguration;
			buildSettings = {
				INFOPLIST_FILE = DetourXCUITests/Info.plist;
				LD_RUNPATH_SEARCH_PATHS = "$(inherited) @executable_path/Frameworks @loader_path/Frameworks";
				PRODUCT_BUNDLE_IDENTIFIER = com.designatednerd.DetourXCUITests;
				PRODUCT_NAME = "$(TARGET_NAME)";
				SWIFT_SWIFT3_OBJC_INFERENCE = Off;
				SWIFT_VERSION = 4.0;
				TEST_TARGET_NAME = Detour;
			};
			name = Debug;
		};
		9B75E55E1EE144CA00F11AD6 /* Release */ = {
			isa = XCBuildConfiguration;
			buildSettings = {
				INFOPLIST_FILE = DetourXCUITests/Info.plist;
				LD_RUNPATH_SEARCH_PATHS = "$(inherited) @executable_path/Frameworks @loader_path/Frameworks";
				PRODUCT_BUNDLE_IDENTIFIER = com.designatednerd.DetourXCUITests;
				PRODUCT_NAME = "$(TARGET_NAME)";
				SWIFT_SWIFT3_OBJC_INFERENCE = Off;
				SWIFT_VERSION = 4.0;
				TEST_TARGET_NAME = Detour;
			};
			name = Release;
		};
		9BE4140C1EBE1FA500ACBC40 /* Debug */ = {
			isa = XCBuildConfiguration;
			buildSettings = {
				ALWAYS_SEARCH_USER_PATHS = NO;
				CLANG_ANALYZER_NONNULL = YES;
				CLANG_ANALYZER_NUMBER_OBJECT_CONVERSION = YES_AGGRESSIVE;
				CLANG_CXX_LANGUAGE_STANDARD = "gnu++0x";
				CLANG_CXX_LIBRARY = "libc++";
				CLANG_ENABLE_MODULES = YES;
				CLANG_ENABLE_OBJC_ARC = YES;
				CLANG_WARN_BLOCK_CAPTURE_AUTORELEASING = YES;
				CLANG_WARN_BOOL_CONVERSION = YES;
				CLANG_WARN_COMMA = YES;
				CLANG_WARN_CONSTANT_CONVERSION = YES;
				CLANG_WARN_DIRECT_OBJC_ISA_USAGE = YES_ERROR;
				CLANG_WARN_DOCUMENTATION_COMMENTS = YES;
				CLANG_WARN_EMPTY_BODY = YES;
				CLANG_WARN_ENUM_CONVERSION = YES;
				CLANG_WARN_INFINITE_RECURSION = YES;
				CLANG_WARN_INT_CONVERSION = YES;
				CLANG_WARN_NON_LITERAL_NULL_CONVERSION = YES;
				CLANG_WARN_OBJC_LITERAL_CONVERSION = YES;
				CLANG_WARN_OBJC_ROOT_CLASS = YES_ERROR;
				CLANG_WARN_RANGE_LOOP_ANALYSIS = YES;
				CLANG_WARN_STRICT_PROTOTYPES = YES;
				CLANG_WARN_SUSPICIOUS_MOVE = YES;
				CLANG_WARN_UNREACHABLE_CODE = YES;
				CLANG_WARN__DUPLICATE_METHOD_MATCH = YES;
				"CODE_SIGN_IDENTITY[sdk=iphoneos*]" = "iPhone Developer";
				COPY_PHASE_STRIP = NO;
				DEBUG_INFORMATION_FORMAT = dwarf;
				ENABLE_STRICT_OBJC_MSGSEND = YES;
				ENABLE_TESTABILITY = YES;
				GCC_C_LANGUAGE_STANDARD = gnu99;
				GCC_DYNAMIC_NO_PIC = NO;
				GCC_NO_COMMON_BLOCKS = YES;
				GCC_OPTIMIZATION_LEVEL = 0;
				GCC_PREPROCESSOR_DEFINITIONS = (
					"DEBUG=1",
					"$(inherited)",
				);
				GCC_WARN_64_TO_32_BIT_CONVERSION = YES;
				GCC_WARN_ABOUT_RETURN_TYPE = YES_ERROR;
				GCC_WARN_UNDECLARED_SELECTOR = YES;
				GCC_WARN_UNINITIALIZED_AUTOS = YES_AGGRESSIVE;
				GCC_WARN_UNUSED_FUNCTION = YES;
				GCC_WARN_UNUSED_VARIABLE = YES;
				IPHONEOS_DEPLOYMENT_TARGET = 10.3;
				MTL_ENABLE_DEBUG_INFO = YES;
				ONLY_ACTIVE_ARCH = YES;
				SDKROOT = iphoneos;
				SWIFT_ACTIVE_COMPILATION_CONDITIONS = DEBUG;
				SWIFT_OPTIMIZATION_LEVEL = "-Onone";
				SWIFT_SWIFT3_OBJC_INFERENCE = Off;
			};
			name = Debug;
		};
		9BE4140D1EBE1FA500ACBC40 /* Release */ = {
			isa = XCBuildConfiguration;
			buildSettings = {
				ALWAYS_SEARCH_USER_PATHS = NO;
				CLANG_ANALYZER_NONNULL = YES;
				CLANG_ANALYZER_NUMBER_OBJECT_CONVERSION = YES_AGGRESSIVE;
				CLANG_CXX_LANGUAGE_STANDARD = "gnu++0x";
				CLANG_CXX_LIBRARY = "libc++";
				CLANG_ENABLE_MODULES = YES;
				CLANG_ENABLE_OBJC_ARC = YES;
				CLANG_WARN_BLOCK_CAPTURE_AUTORELEASING = YES;
				CLANG_WARN_BOOL_CONVERSION = YES;
				CLANG_WARN_COMMA = YES;
				CLANG_WARN_CONSTANT_CONVERSION = YES;
				CLANG_WARN_DIRECT_OBJC_ISA_USAGE = YES_ERROR;
				CLANG_WARN_DOCUMENTATION_COMMENTS = YES;
				CLANG_WARN_EMPTY_BODY = YES;
				CLANG_WARN_ENUM_CONVERSION = YES;
				CLANG_WARN_INFINITE_RECURSION = YES;
				CLANG_WARN_INT_CONVERSION = YES;
				CLANG_WARN_NON_LITERAL_NULL_CONVERSION = YES;
				CLANG_WARN_OBJC_LITERAL_CONVERSION = YES;
				CLANG_WARN_OBJC_ROOT_CLASS = YES_ERROR;
				CLANG_WARN_RANGE_LOOP_ANALYSIS = YES;
				CLANG_WARN_STRICT_PROTOTYPES = YES;
				CLANG_WARN_SUSPICIOUS_MOVE = YES;
				CLANG_WARN_UNREACHABLE_CODE = YES;
				CLANG_WARN__DUPLICATE_METHOD_MATCH = YES;
				"CODE_SIGN_IDENTITY[sdk=iphoneos*]" = "iPhone Developer";
				COPY_PHASE_STRIP = NO;
				DEBUG_INFORMATION_FORMAT = "dwarf-with-dsym";
				ENABLE_NS_ASSERTIONS = NO;
				ENABLE_STRICT_OBJC_MSGSEND = YES;
				GCC_C_LANGUAGE_STANDARD = gnu99;
				GCC_NO_COMMON_BLOCKS = YES;
				GCC_WARN_64_TO_32_BIT_CONVERSION = YES;
				GCC_WARN_ABOUT_RETURN_TYPE = YES_ERROR;
				GCC_WARN_UNDECLARED_SELECTOR = YES;
				GCC_WARN_UNINITIALIZED_AUTOS = YES_AGGRESSIVE;
				GCC_WARN_UNUSED_FUNCTION = YES;
				GCC_WARN_UNUSED_VARIABLE = YES;
				IPHONEOS_DEPLOYMENT_TARGET = 10.3;
				MTL_ENABLE_DEBUG_INFO = NO;
				SDKROOT = iphoneos;
				SWIFT_OPTIMIZATION_LEVEL = "-Owholemodule";
				SWIFT_SWIFT3_OBJC_INFERENCE = Off;
				VALIDATE_PRODUCT = YES;
			};
			name = Release;
		};
		9BE4140F1EBE1FA500ACBC40 /* Debug */ = {
			isa = XCBuildConfiguration;
			buildSettings = {
				ASSETCATALOG_COMPILER_APPICON_NAME = AppIcon;
				INFOPLIST_FILE = Detour/Info.plist;
				LD_RUNPATH_SEARCH_PATHS = "$(inherited) @executable_path/Frameworks";
				PRODUCT_BUNDLE_IDENTIFIER = com.designatednerd.Detour;
				PRODUCT_NAME = "$(TARGET_NAME)";
				SWIFT_SWIFT3_OBJC_INFERENCE = Off;
				SWIFT_VERSION = 4.0;
			};
			name = Debug;
		};
		9BE414101EBE1FA500ACBC40 /* Release */ = {
			isa = XCBuildConfiguration;
			buildSettings = {
				ASSETCATALOG_COMPILER_APPICON_NAME = AppIcon;
				INFOPLIST_FILE = Detour/Info.plist;
				LD_RUNPATH_SEARCH_PATHS = "$(inherited) @executable_path/Frameworks";
				PRODUCT_BUNDLE_IDENTIFIER = com.designatednerd.Detour;
				PRODUCT_NAME = "$(TARGET_NAME)";
				SWIFT_SWIFT3_OBJC_INFERENCE = Off;
				SWIFT_VERSION = 4.0;
			};
			name = Release;
		};
/* End XCBuildConfiguration section */

/* Begin XCConfigurationList section */
		9B75E54E1EE1405300F11AD6 /* Build configuration list for PBXNativeTarget "DetourTests" */ = {
			isa = XCConfigurationList;
			buildConfigurations = (
				9B75E54F1EE1405300F11AD6 /* Debug */,
				9B75E5501EE1405300F11AD6 /* Release */,
			);
			defaultConfigurationIsVisible = 0;
			defaultConfigurationName = Release;
		};
		9B75E55C1EE144CA00F11AD6 /* Build configuration list for PBXNativeTarget "DetourXCUITests" */ = {
			isa = XCConfigurationList;
			buildConfigurations = (
				9B75E55D1EE144CA00F11AD6 /* Debug */,
				9B75E55E1EE144CA00F11AD6 /* Release */,
			);
			defaultConfigurationIsVisible = 0;
			defaultConfigurationName = Release;
		};
		9BE413F21EBE1FA500ACBC40 /* Build configuration list for PBXProject "Detour" */ = {
			isa = XCConfigurationList;
			buildConfigurations = (
				9BE4140C1EBE1FA500ACBC40 /* Debug */,
				9BE4140D1EBE1FA500ACBC40 /* Release */,
			);
			defaultConfigurationIsVisible = 0;
			defaultConfigurationName = Release;
		};
		9BE4140E1EBE1FA500ACBC40 /* Build configuration list for PBXNativeTarget "Detour" */ = {
			isa = XCConfigurationList;
			buildConfigurations = (
				9BE4140F1EBE1FA500ACBC40 /* Debug */,
				9BE414101EBE1FA500ACBC40 /* Release */,
			);
			defaultConfigurationIsVisible = 0;
			defaultConfigurationName = Release;
		};
/* End XCConfigurationList section */

/* Begin XCVersionGroup section */
		9BE413FC1EBE1FA500ACBC40 /* Detour.xcdatamodeld */ = {
			isa = XCVersionGroup;
			children = (
				9BE413FD1EBE1FA500ACBC40 /* Detour.xcdatamodel */,
			);
			currentVersion = 9BE413FD1EBE1FA500ACBC40 /* Detour.xcdatamodel */;
			path = Detour.xcdatamodeld;
			sourceTree = "<group>";
			versionGroupType = wrapper.xcdatamodel;
		};
/* End XCVersionGroup section */
	};
	rootObject = 9BE413EF1EBE1FA500ACBC40 /* Project object */;
}
